
Microsoft Visual Studio Solution File, Format Version 12.00
# Visual Studio Version 17
VisualStudioVersion = 17.4.33103.184
MinimumVisualStudioVersion = 10.0.40219.1
Project("{FAE04EC0-301F-11D3-BF4B-00C04F79EFBC}") = "Project-Sapphair", "Project-Sapphair\Project-Sapphair.csproj", "{BBFCFE86-1382-4491-9B6F-3ADA20F34705}"
EndProject
Global
	GlobalSection(SolutionConfigurationPlatforms) = preSolution
		Debug|Any CPU = Debug|Any CPU
		Release|Any CPU = Release|Any CPU
	EndGlobalSection
	GlobalSection(ProjectConfigurationPlatforms) = postSolution
		{BBFCFE86-1382-4491-9B6F-3ADA20F34705}.Debug|Any CPU.ActiveCfg = Debug|Any CPU
		{BBFCFE86-1382-4491-9B6F-3ADA20F34705}.Debug|Any CPU.Build.0 = Debug|Any CPU
		{BBFCFE86-1382-4491-9B6F-3ADA20F34705}.Release|Any CPU.ActiveCfg = Release|Any CPU
		{BBFCFE86-1382-4491-9B6F-3ADA20F34705}.Release|Any CPU.Build.0 = Release|Any CPU
	EndGlobalSection
	GlobalSection(SolutionProperties) = preSolution
		HideSolutionNode = FALSE
	EndGlobalSection
	GlobalSection(ExtensibilityGlobals) = postSolution
		SolutionGuid = {458230C4-61BB-4435-84F6-2FC37988532E}
	EndGlobalSection
EndGlobal
